
Microsoft Visual Studio Solution File, Format Version 12.00
# Visual Studio 15
VisualStudioVersion = 15.0.26009.0
MinimumVisualStudioVersion = 10.0.40219.1
Project("{FAE04EC0-301F-11D3-BF4B-00C04F79EFBC}") = "Alphacoders", "Alphacoders.csproj", "{49A29F19-7304-48E8-88E6-5163928946D8}"
EndProject
Project("{FAE04EC0-301F-11D3-BF4B-00C04F79EFBC}") = "SBCrawler", "..\..\SBCrawler\SBCrawler\SBCrawler.csproj", "{30559EC4-F136-436D-859A-92FA6EC78E34}"
EndProject
Global
	GlobalSection(SolutionConfigurationPlatforms) = preSolution
		Debug|Any CPU = Debug|Any CPU
		Release|Any CPU = Release|Any CPU
	EndGlobalSection
	GlobalSection(ProjectConfigurationPlatforms) = postSolution
		{49A29F19-7304-48E8-88E6-5163928946D8}.Debug|Any CPU.ActiveCfg = Debug|Any CPU
		{49A29F19-7304-48E8-88E6-5163928946D8}.Debug|Any CPU.Build.0 = Debug|Any CPU
		{49A29F19-7304-48E8-88E6-5163928946D8}.Release|Any CPU.ActiveCfg = Release|Any CPU
		{49A29F19-7304-48E8-88E6-5163928946D8}.Release|Any CPU.Build.0 = Release|Any CPU
		{30559EC4-F136-436D-859A-92FA6EC78E34}.Debug|Any CPU.ActiveCfg = Debug|Any CPU
		{30559EC4-F136-436D-859A-92FA6EC78E34}.Debug|Any CPU.Build.0 = Debug|Any CPU
		{30559EC4-F136-436D-859A-92FA6EC78E34}.Release|Any CPU.ActiveCfg = Release|Any CPU
		{30559EC4-F136-436D-859A-92FA6EC78E34}.Release|Any CPU.Build.0 = Release|Any CPU
	EndGlobalSection
	GlobalSection(SolutionProperties) = preSolution
		HideSolutionNode = FALSE
	EndGlobalSection
EndGlobal
